{
  "nodes": {
    "disko": {
      "inputs": {
        "nixpkgs": [
          "nixpkgs"
        ]
      },
      "locked": {
        "lastModified": 1773889306,
        "narHash": "sha256-PAqwnsBSI9SVC2QugvQ3xeYCB0otOwCacB1ueQj2tgw=",
        "owner": "nix-community",
        "repo": "disko",
        "rev": "5ad85c82cc52264f4beddc934ba57f3789f28347",
        "type": "github"
      },
      "original": {
        "owner": "nix-community",
        "repo": "disko",
        "type": "github"
      }
    },
    "home-manager": {
      "inputs": {
        "nixpkgs": [
          "nixpkgs"
        ]
      },
      "locked": {
        "lastModified": 1775781825,
        "narHash": "sha256-L5yKTpR+alrZU2XYYvIxCeCP4LBHU5jhwSj7H1VAavg=",
        "owner": "nix-community",
        "repo": "home-manager",
        "rev": "e35c39fca04fee829cecdf839a50eb9b54d8a701",
        "type": "github"
      },
      "original": {
        "owner": "nix-community",
        "ref": "master",
        "repo": "home-manager",
        "type": "github"
      }
    },
    "niri": {
      "inputs": {
        "niri-stable": "niri-stable",
        "niri-unstable": "niri-unstable",
        "nixpkgs": [
          "nixpkgs"
        ],
        "nixpkgs-stable": "nixpkgs-stable",
        "xwayland-satellite-stable": "xwayland-satellite-stable",
        "xwayland-satellite-unstable": "xwayland-satellite-unstable"
      },
      "locked": {
        "lastModified": 1775802594,
        "narHash": "sha256-miydzsK4cMzBXoHw+/5Am4PwB/P/ifWOlfHHqFe7FKU=",
        "owner": "sodiboo",
        "repo": "niri-flake",
        "rev": "63213c63766e5bb28e0e0b078c4628b01b24c92f",
        "type": "github"
      },
      "original": {
        "owner": "sodiboo",
        "repo": "niri-flake",
        "type": "github"
      }
    },
    "niri-stable": {
      "flake": false,
      "locked": {
        "lastModified": 1756556321,
        "narHash": "sha256-RLD89dfjN0RVO86C/Mot0T7aduCygPGaYbog566F0Qo=",
        "owner": "YaLTeR",
        "repo": "niri",
        "rev": "01be0e65f4eb91a9cd624ac0b76aaeab765c7294",
        "type": "github"
      },
      "original": {
        "owner": "YaLTeR",
        "ref": "v25.08",
        "repo": "niri",
        "type": "github"
      }
    },
    "niri-unstable": {
      "flake": false,
      "locked": {
        "lastModified": 1775561155,
        "narHash": "sha256-TK2IrqQivRcwqJa0suZMbcsN17CtA8Uu0v7CDnLATb0=",
        "owner": "YaLTeR",
        "repo": "niri",
        "rev": "599db847f857b8a7ff78ce02f15acab5d5d9fee1",
        "type": "github"
      },
      "original": {
        "owner": "YaLTeR",
        "repo": "niri",
        "type": "github"
      }
    },
    "nixpkgs": {
      "locked": {
        "lastModified": 1775710090,
        "narHash": "sha256-ar3rofg+awPB8QXDaFJhJ2jJhu+KqN/PRCXeyuXR76E=",
        "owner": "NixOS",
        "repo": "nixpkgs",
        "rev": "4c1018dae018162ec878d42fec712642d214fdfa",
        "type": "github"
      },
      "original": {
        "owner": "NixOS",
        "ref": "nixos-unstable",
        "repo": "nixpkgs",
        "type": "github"
      }
    },
    "nixpkgs-stable": {
      "locked": {
        "lastModified": 1775595990,
        "narHash": "sha256-OEf7YqhF9IjJFYZJyuhAypgU+VsRB5lD4DuiMws5Ltc=",
        "owner": "NixOS",
        "repo": "nixpkgs",
        "rev": "4e92bbcdb030f3b4782be4751dc08e6b6cb6ccf2",
        "type": "github"
      },
      "original": {
        "owner": "NixOS",
        "ref": "nixos-25.11",
        "repo": "nixpkgs",
        "type": "github"
      }
    },
    "qtile": {
      "inputs": {
        "nixpkgs": [
          "nixpkgs"
        ]
      },
      "locked": {
        "lastModified": 1775731057,
        "narHash": "sha256-XkEKhfitH8sOZj5r7wI0AON/Ncs5NfLhx554gfLt1oc=",
        "owner": "qtile",
        "repo": "qtile",
        "rev": "874947334dc437c21d43771c1cfe178bbbebc9ab",
        "type": "github"
      },
      "original": {
        "owner": "qtile",
        "repo": "qtile",
        "type": "github"
      }
    },
    "root": {
      "inputs": {
        "disko": "disko",
        "home-manager": "home-manager",
        "niri": "niri",
        "nixpkgs": "nixpkgs",
        "qtile": "qtile",
        "stratoshark": "stratoshark"
      }
    },
    "stratoshark": {
      "inputs": {
        "nixpkgs": [
          "nixpkgs"
        ]
      },
      "locked": {
        "lastModified": 1776614224,
        "narHash": "sha256-LWfx5KbbsCgxp8JepU/Iyd0PTc8VJjDs/VgKc/V4hx4=",
        "path": "/home/columcc/nixpkgs/stratoshark",
        "type": "path"
      },
      "original": {
        "path": "/home/columcc/nixpkgs/stratoshark",
        "type": "path"
      }
    },
    "xwayland-satellite-stable": {
      "flake": false,
      "locked": {
        "lastModified": 1755491097,
        "narHash": "sha256-m+9tUfsmBeF2Gn4HWa6vSITZ4Gz1eA1F5Kh62B0N4oE=",
        "owner": "Supreeeme",
        "repo": "xwayland-satellite",
        "rev": "388d291e82ffbc73be18169d39470f340707edaa",
        "type": "github"
      },
      "original": {
        "owner": "Supreeeme",
        "ref": "v0.7",
        "repo": "xwayland-satellite",
        "type": "github"
      }
    },
    "xwayland-satellite-unstable": {
      "flake": false,
      "locked": {
        "lastModified": 1773622265,
        "narHash": "sha256-wToKwH7IgWdGLMSIWksEDs4eumR6UbbsuPQ42r0oTXQ=",
        "owner": "Supreeeme",
        "repo": "xwayland-satellite",
        "rev": "a879e5e0896a326adc79c474bf457b8b99011027",
        "type": "github"
      },
      "original": {
        "owner": "Supreeeme",
        "repo": "xwayland-satellite",
        "type": "github"
      }
    }
  },
  "root": "root",
  "version": 7
}
